
Microsoft Visual Studio Solution File, Format Version 12.00
# Visual Studio Version 17
VisualStudioVersion = 17.10.35122.118
MinimumVisualStudioVersion = 10.0.40219.1
Project("{9A19103F-16F7-4668-BE54-9A1E7A4F7556}") = "InMemory.Caching", "InMemory.Caching\InMemory.Caching.csproj", "{412887D8-DD15-4567-BA08-F517B9DF5E4E}"
EndProject
Project("{9A19103F-16F7-4668-BE54-9A1E7A4F7556}") = "Distributed.Caching", "Distributed.Caching\Distributed.Caching.csproj", "{1A308177-A639-44B0-80CC-BB309440AF6A}"
EndProject
Project("{FAE04EC0-301F-11D3-BF4B-00C04F79EFBC}") = "Redis.Pub.Sub.Publisher.Example", "Redis.Pub.Sub.Example\Redis.Pub.Sub.Publisher.Example.csproj", "{1CDEC0E9-81D7-4276-AC2A-C194D2D91CF2}"
EndProject
Project("{FAE04EC0-301F-11D3-BF4B-00C04F79EFBC}") = "Redis.Pub.Sub.Subscriber.Example", "Redis.Pub.Sub.Subscriber.Example\Redis.Pub.Sub.Subscriber.Example.csproj", "{1829FAB7-8AC0-40CA-B738-9F91689F4E25}"
EndProject
Global
	GlobalSection(SolutionConfigurationPlatforms) = preSolution
		Debug|Any CPU = Debug|Any CPU
		Release|Any CPU = Release|Any CPU
	EndGlobalSection
	GlobalSection(ProjectConfigurationPlatforms) = postSolution
		{412887D8-DD15-4567-BA08-F517B9DF5E4E}.Debug|Any CPU.ActiveCfg = Debug|Any CPU
		{412887D8-DD15-4567-BA08-F517B9DF5E4E}.Debug|Any CPU.Build.0 = Debug|Any CPU
		{412887D8-DD15-4567-BA08-F517B9DF5E4E}.Release|Any CPU.ActiveCfg = Release|Any CPU
		{412887D8-DD15-4567-BA08-F517B9DF5E4E}.Release|Any CPU.Build.0 = Release|Any CPU
		{1A308177-A639-44B0-80CC-BB309440AF6A}.Debug|Any CPU.ActiveCfg = Debug|Any CPU
		{1A308177-A639-44B0-80CC-BB309440AF6A}.Debug|Any CPU.Build.0 = Debug|Any CPU
		{1A308177-A639-44B0-80CC-BB309440AF6A}.Release|Any CPU.ActiveCfg = Release|Any CPU
		{1A308177-A639-44B0-80CC-BB309440AF6A}.Release|Any CPU.Build.0 = Release|Any CPU
		{1CDEC0E9-81D7-4276-AC2A-C194D2D91CF2}.Debug|Any CPU.ActiveCfg = Debug|Any CPU
		{1CDEC0E9-81D7-4276-AC2A-C194D2D91CF2}.Debug|Any CPU.Build.0 = Debug|Any CPU
		{1CDEC0E9-81D7-4276-AC2A-C194D2D91CF2}.Release|Any CPU.ActiveCfg = Release|Any CPU
		{1CDEC0E9-81D7-4276-AC2A-C194D2D91CF2}.Release|Any CPU.Build.0 = Release|Any CPU
		{1829FAB7-8AC0-40CA-B738-9F91689F4E25}.Debug|Any CPU.ActiveCfg = Debug|Any CPU
		{1829FAB7-8AC0-40CA-B738-9F91689F4E25}.Debug|Any CPU.Build.0 = Debug|Any CPU
		{1829FAB7-8AC0-40CA-B738-9F91689F4E25}.Release|Any CPU.ActiveCfg = Release|Any CPU
		{1829FAB7-8AC0-40CA-B738-9F91689F4E25}.Release|Any CPU.Build.0 = Release|Any CPU
	EndGlobalSection
	GlobalSection(SolutionProperties) = preSolution
		HideSolutionNode = FALSE
	EndGlobalSection
	GlobalSection(ExtensibilityGlobals) = postSolution
		SolutionGuid = {BB9824B0-6B02-446C-B273-F8F8EDA1D352}
	EndGlobalSection
EndGlobal
